
Microsoft Visual Studio Solution File, Format Version 12.00
# Visual Studio Version 17
VisualStudioVersion = 17.13.35931.197
MinimumVisualStudioVersion = 10.0.40219.1
Project("{FAE04EC0-301F-11D3-BF4B-00C04F79EFBC}") = "DatabaseAccess", "DatabaseAccess\DatabaseAccess.csproj", "{322474FC-3324-4DFF-BABC-CB64740C0697}"
	ProjectSection(ProjectDependencies) = postProject
		{80D8C08C-FCC8-415C-ABA2-6239A9D47831} = {80D8C08C-FCC8-415C-ABA2-6239A9D47831}
	EndProjectSection
EndProject
Project("{FAE04EC0-301F-11D3-BF4B-00C04F79EFBC}") = "Entities", "Entities\Entities.csproj", "{80D8C08C-FCC8-415C-ABA2-6239A9D47831}"
EndProject
Project("{FAE04EC0-301F-11D3-BF4B-00C04F79EFBC}") = "GUI", "GUI\GUI.csproj", "{6A724DD0-093A-40A6-86D5-F79FFDFFE488}"
	ProjectSection(ProjectDependencies) = postProject
		{322474FC-3324-4DFF-BABC-CB64740C0697} = {322474FC-3324-4DFF-BABC-CB64740C0697}
	EndProjectSection
EndProject
Global
	GlobalSection(SolutionConfigurationPlatforms) = preSolution
		Debug|Any CPU = Debug|Any CPU
		Release|Any CPU = Release|Any CPU
	EndGlobalSection
	GlobalSection(ProjectConfigurationPlatforms) = postSolution
		{322474FC-3324-4DFF-BABC-CB64740C0697}.Debug|Any CPU.ActiveCfg = Debug|Any CPU
		{322474FC-3324-4DFF-BABC-CB64740C0697}.Debug|Any CPU.Build.0 = Debug|Any CPU
		{322474FC-3324-4DFF-BABC-CB64740C0697}.Release|Any CPU.ActiveCfg = Release|Any CPU
		{322474FC-3324-4DFF-BABC-CB64740C0697}.Release|Any CPU.Build.0 = Release|Any CPU
		{80D8C08C-FCC8-415C-ABA2-6239A9D47831}.Debug|Any CPU.ActiveCfg = Debug|Any CPU
		{80D8C08C-FCC8-415C-ABA2-6239A9D47831}.Debug|Any CPU.Build.0 = Debug|Any CPU
		{80D8C08C-FCC8-415C-ABA2-6239A9D47831}.Release|Any CPU.ActiveCfg = Release|Any CPU
		{80D8C08C-FCC8-415C-ABA2-6239A9D47831}.Release|Any CPU.Build.0 = Release|Any CPU
		{6A724DD0-093A-40A6-86D5-F79FFDFFE488}.Debug|Any CPU.ActiveCfg = Debug|Any CPU
		{6A724DD0-093A-40A6-86D5-F79FFDFFE488}.Debug|Any CPU.Build.0 = Debug|Any CPU
		{6A724DD0-093A-40A6-86D5-F79FFDFFE488}.Release|Any CPU.ActiveCfg = Release|Any CPU
		{6A724DD0-093A-40A6-86D5-F79FFDFFE488}.Release|Any CPU.Build.0 = Release|Any CPU
	EndGlobalSection
	GlobalSection(SolutionProperties) = preSolution
		HideSolutionNode = FALSE
	EndGlobalSection
	GlobalSection(ExtensibilityGlobals) = postSolution
		SolutionGuid = {447D843D-B052-4995-96EB-3380AB620D6F}
	EndGlobalSection
EndGlobal
